
Microsoft Visual Studio Solution File, Format Version 12.00
# Visual Studio Version 16
VisualStudioVersion = 16.0.31729.503
MinimumVisualStudioVersion = 10.0.40219.1
Project("{FAE04EC0-301F-11D3-BF4B-00C04F79EFBC}") = "OMESMS", "OMESMS\OMESMS.csproj", "{EA12F10E-A67B-4F1C-A567-A5AF73FD39AA}"
EndProject
Global
	GlobalSection(SolutionConfigurationPlatforms) = preSolution
		Debug|Any CPU = Debug|Any CPU
		Release|Any CPU = Release|Any CPU
	EndGlobalSection
	GlobalSection(ProjectConfigurationPlatforms) = postSolution
		{EA12F10E-A67B-4F1C-A567-A5AF73FD39AA}.Debug|Any CPU.ActiveCfg = Debug|Any CPU
		{EA12F10E-A67B-4F1C-A567-A5AF73FD39AA}.Debug|Any CPU.Build.0 = Debug|Any CPU
		{EA12F10E-A67B-4F1C-A567-A5AF73FD39AA}.Release|Any CPU.ActiveCfg = Release|Any CPU
		{EA12F10E-A67B-4F1C-A567-A5AF73FD39AA}.Release|Any CPU.Build.0 = Release|Any CPU
	EndGlobalSection
	GlobalSection(SolutionProperties) = preSolution
		HideSolutionNode = FALSE
	EndGlobalSection
	GlobalSection(ExtensibilityGlobals) = postSolution
		SolutionGuid = {415C61B5-1261-4183-9B87-4EE9341CAEAE}
	EndGlobalSection
EndGlobal
